
Microsoft Visual Studio Solution File, Format Version 12.00
# Visual Studio Version 17
VisualStudioVersion = 17.3.32929.385
MinimumVisualStudioVersion = 10.0.40219.1
Project("{FAE04EC0-301F-11D3-BF4B-00C04F79EFBC}") = "BackendDotnet", "BackendDotnet\BackendDotnet.csproj", "{F92A92CB-7269-4FB6-B8DE-A3ADCCB337A4}"
EndProject
Project("{FAE04EC0-301F-11D3-BF4B-00C04F79EFBC}") = "BackendDotnetData", "BackendDotnetData\BackendDotnetData.csproj", "{F686F677-8A8B-406E-AE35-362FE72AB3FD}"
EndProject
Project("{FAE04EC0-301F-11D3-BF4B-00C04F79EFBC}") = "BackendDotnetModel", "BackendDotnetModel\BackendDotnetModel.csproj", "{45A8164B-5FCB-4320-B0EA-370690CED4C5}"
EndProject
Global
	GlobalSection(SolutionConfigurationPlatforms) = preSolution
		Debug|Any CPU = Debug|Any CPU
		Release|Any CPU = Release|Any CPU
	EndGlobalSection
	GlobalSection(ProjectConfigurationPlatforms) = postSolution
		{F92A92CB-7269-4FB6-B8DE-A3ADCCB337A4}.Debug|Any CPU.ActiveCfg = Debug|Any CPU
		{F92A92CB-7269-4FB6-B8DE-A3ADCCB337A4}.Debug|Any CPU.Build.0 = Debug|Any CPU
		{F92A92CB-7269-4FB6-B8DE-A3ADCCB337A4}.Release|Any CPU.ActiveCfg = Release|Any CPU
		{F92A92CB-7269-4FB6-B8DE-A3ADCCB337A4}.Release|Any CPU.Build.0 = Release|Any CPU
		{F686F677-8A8B-406E-AE35-362FE72AB3FD}.Debug|Any CPU.ActiveCfg = Debug|Any CPU
		{F686F677-8A8B-406E-AE35-362FE72AB3FD}.Debug|Any CPU.Build.0 = Debug|Any CPU
		{F686F677-8A8B-406E-AE35-362FE72AB3FD}.Release|Any CPU.ActiveCfg = Release|Any CPU
		{F686F677-8A8B-406E-AE35-362FE72AB3FD}.Release|Any CPU.Build.0 = Release|Any CPU
		{45A8164B-5FCB-4320-B0EA-370690CED4C5}.Debug|Any CPU.ActiveCfg = Debug|Any CPU
		{45A8164B-5FCB-4320-B0EA-370690CED4C5}.Debug|Any CPU.Build.0 = Debug|Any CPU
		{45A8164B-5FCB-4320-B0EA-370690CED4C5}.Release|Any CPU.ActiveCfg = Release|Any CPU
		{45A8164B-5FCB-4320-B0EA-370690CED4C5}.Release|Any CPU.Build.0 = Release|Any CPU
	EndGlobalSection
	GlobalSection(SolutionProperties) = preSolution
		HideSolutionNode = FALSE
	EndGlobalSection
	GlobalSection(ExtensibilityGlobals) = postSolution
		SolutionGuid = {65B33B30-7004-48FB-914B-7CD0E1F07F9F}
	EndGlobalSection
EndGlobal
